
Microsoft Visual Studio Solution File, Format Version 12.00
# Visual Studio Version 16
VisualStudioVersion = 16.0.29009.5
MinimumVisualStudioVersion = 10.0.40219.1
Project("{FAE04EC0-301F-11D3-BF4B-00C04F79EFBC}") = "MockWebApi", "MockWebApi\MockWebApi.csproj", "{E297C618-CF0C-4F10-9998-6F07FBA125FD}"
EndProject
Project("{FAE04EC0-301F-11D3-BF4B-00C04F79EFBC}") = "RequestMock", "RequestMock\RequestMock.csproj", "{82E8C830-1E32-477F-81C7-32F58FC0D9C8}"
EndProject
Global
	GlobalSection(SolutionConfigurationPlatforms) = preSolution
		Debug|Any CPU = Debug|Any CPU
		Release|Any CPU = Release|Any CPU
	EndGlobalSection
	GlobalSection(ProjectConfigurationPlatforms) = postSolution
		{E297C618-CF0C-4F10-9998-6F07FBA125FD}.Debug|Any CPU.ActiveCfg = Debug|Any CPU
		{E297C618-CF0C-4F10-9998-6F07FBA125FD}.Debug|Any CPU.Build.0 = Debug|Any CPU
		{E297C618-CF0C-4F10-9998-6F07FBA125FD}.Release|Any CPU.ActiveCfg = Release|Any CPU
		{E297C618-CF0C-4F10-9998-6F07FBA125FD}.Release|Any CPU.Build.0 = Release|Any CPU
		{82E8C830-1E32-477F-81C7-32F58FC0D9C8}.Debug|Any CPU.ActiveCfg = Debug|Any CPU
		{82E8C830-1E32-477F-81C7-32F58FC0D9C8}.Debug|Any CPU.Build.0 = Debug|Any CPU
		{82E8C830-1E32-477F-81C7-32F58FC0D9C8}.Release|Any CPU.ActiveCfg = Release|Any CPU
		{82E8C830-1E32-477F-81C7-32F58FC0D9C8}.Release|Any CPU.Build.0 = Release|Any CPU
	EndGlobalSection
	GlobalSection(SolutionProperties) = preSolution
		HideSolutionNode = FALSE
	EndGlobalSection
	GlobalSection(ExtensibilityGlobals) = postSolution
		SolutionGuid = {E72F0825-F767-43FE-878F-B5E9265BE81C}
	EndGlobalSection
EndGlobal
